
Microsoft Visual Studio Solution File, Format Version 12.00
# Visual Studio Version 17
VisualStudioVersion = 17.14.36717.8 d17.14
MinimumVisualStudioVersion = 10.0.40219.1
Project("{FAE04EC0-301F-11D3-BF4B-00C04F79EFBC}") = "DebugExercise", "DebugExercise.csproj", "{D1BD4A48-AA44-42C3-B998-709A014E4E05}"
EndProject
Global
	GlobalSection(SolutionConfigurationPlatforms) = preSolution
		Debug|Any CPU = Debug|Any CPU
		Release|Any CPU = Release|Any CPU
	EndGlobalSection
	GlobalSection(ProjectConfigurationPlatforms) = postSolution
		{D1BD4A48-AA44-42C3-B998-709A014E4E05}.Debug|Any CPU.ActiveCfg = Debug|Any CPU
		{D1BD4A48-AA44-42C3-B998-709A014E4E05}.Debug|Any CPU.Build.0 = Debug|Any CPU
		{D1BD4A48-AA44-42C3-B998-709A014E4E05}.Release|Any CPU.ActiveCfg = Release|Any CPU
		{D1BD4A48-AA44-42C3-B998-709A014E4E05}.Release|Any CPU.Build.0 = Release|Any CPU
	EndGlobalSection
	GlobalSection(SolutionProperties) = preSolution
		HideSolutionNode = FALSE
	EndGlobalSection
	GlobalSection(ExtensibilityGlobals) = postSolution
		SolutionGuid = {BBF884BB-C4CA-4128-8067-0EBD8BF36465}
	EndGlobalSection
EndGlobal
